
Microsoft Visual Studio Solution File, Format Version 12.00
# Visual Studio 2017
Project("{FAE04EC0-301F-11D3-BF4B-00C04F79EFBC}") = "PrototypePFE", "PrototypePFE.csproj", "{93DF3BA9-42FF-5A8D-D306-4E90E203CC97}"
EndProject
Project("{FAE04EC0-301F-11D3-BF4B-00C04F79EFBC}") = "Unity.PackageManagerUI.Editor", "Unity.PackageManagerUI.Editor.csproj", "{6877705C-FBD9-0C4F-5AFB-6FB431E5D39D}"
EndProject
Project("{FAE04EC0-301F-11D3-BF4B-00C04F79EFBC}") = "PrototypePFE.Editor", "PrototypePFE.Editor.csproj", "{5EFE63BA-4950-602F-28FF-3A65D84D74E5}"
EndProject
Project("{FAE04EC0-301F-11D3-BF4B-00C04F79EFBC}") = "UnityEditor.StandardEvents", "UnityEditor.StandardEvents.csproj", "{6800202F-4402-D405-F8CB-03DC7BD78B92}"
EndProject
Global
	GlobalSection(SolutionConfigurationPlatforms) = preSolution
		Debug|Any CPU = Debug|Any CPU
		Release|Any CPU = Release|Any CPU
	EndGlobalSection
	GlobalSection(ProjectConfigurationPlatforms) = postSolution
		{93DF3BA9-42FF-5A8D-D306-4E90E203CC97}.Debug|Any CPU.ActiveCfg = Debug|Any CPU
		{93DF3BA9-42FF-5A8D-D306-4E90E203CC97}.Debug|Any CPU.Build.0 = Debug|Any CPU
		{93DF3BA9-42FF-5A8D-D306-4E90E203CC97}.Release|Any CPU.ActiveCfg = Release|Any CPU
		{93DF3BA9-42FF-5A8D-D306-4E90E203CC97}.Release|Any CPU.Build.0 = Release|Any CPU
		{6877705C-FBD9-0C4F-5AFB-6FB431E5D39D}.Debug|Any CPU.ActiveCfg = Debug|Any CPU
		{6877705C-FBD9-0C4F-5AFB-6FB431E5D39D}.Debug|Any CPU.Build.0 = Debug|Any CPU
		{6877705C-FBD9-0C4F-5AFB-6FB431E5D39D}.Release|Any CPU.ActiveCfg = Release|Any CPU
		{6877705C-FBD9-0C4F-5AFB-6FB431E5D39D}.Release|Any CPU.Build.0 = Release|Any CPU
		{5EFE63BA-4950-602F-28FF-3A65D84D74E5}.Debug|Any CPU.ActiveCfg = Debug|Any CPU
		{5EFE63BA-4950-602F-28FF-3A65D84D74E5}.Debug|Any CPU.Build.0 = Debug|Any CPU
		{5EFE63BA-4950-602F-28FF-3A65D84D74E5}.Release|Any CPU.ActiveCfg = Release|Any CPU
		{5EFE63BA-4950-602F-28FF-3A65D84D74E5}.Release|Any CPU.Build.0 = Release|Any CPU
		{6800202F-4402-D405-F8CB-03DC7BD78B92}.Debug|Any CPU.ActiveCfg = Debug|Any CPU
		{6800202F-4402-D405-F8CB-03DC7BD78B92}.Debug|Any CPU.Build.0 = Debug|Any CPU
		{6800202F-4402-D405-F8CB-03DC7BD78B92}.Release|Any CPU.ActiveCfg = Release|Any CPU
		{6800202F-4402-D405-F8CB-03DC7BD78B92}.Release|Any CPU.Build.0 = Release|Any CPU
	EndGlobalSection
	GlobalSection(SolutionProperties) = preSolution
		HideSolutionNode = FALSE
	EndGlobalSection
EndGlobal
